
Microsoft Visual Studio Solution File, Format Version 12.00
# Visual Studio Version 17
VisualStudioVersion = 17.12.35707.178 d17.12
MinimumVisualStudioVersion = 10.0.40219.1
Project("{FAE04EC0-301F-11D3-BF4B-00C04F79EFBC}") = "Student  Mangment", "Student  Mangment\Student  Mangment.csproj", "{5A840C55-7BEE-4A03-89CE-8B9D718CAC7B}"
EndProject
Project("{FAE04EC0-301F-11D3-BF4B-00C04F79EFBC}") = "Sales Mangment", "Sales Mangment\Sales Mangment.csproj", "{3AF78291-6BB0-487A-9B81-450DEDBA6929}"
EndProject
Global
	GlobalSection(SolutionConfigurationPlatforms) = preSolution
		Debug|Any CPU = Debug|Any CPU
		Release|Any CPU = Release|Any CPU
	EndGlobalSection
	GlobalSection(ProjectConfigurationPlatforms) = postSolution
		{5A840C55-7BEE-4A03-89CE-8B9D718CAC7B}.Debug|Any CPU.ActiveCfg = Debug|Any CPU
		{5A840C55-7BEE-4A03-89CE-8B9D718CAC7B}.Debug|Any CPU.Build.0 = Debug|Any CPU
		{5A840C55-7BEE-4A03-89CE-8B9D718CAC7B}.Release|Any CPU.ActiveCfg = Release|Any CPU
		{5A840C55-7BEE-4A03-89CE-8B9D718CAC7B}.Release|Any CPU.Build.0 = Release|Any CPU
		{3AF78291-6BB0-487A-9B81-450DEDBA6929}.Debug|Any CPU.ActiveCfg = Debug|Any CPU
		{3AF78291-6BB0-487A-9B81-450DEDBA6929}.Debug|Any CPU.Build.0 = Debug|Any CPU
		{3AF78291-6BB0-487A-9B81-450DEDBA6929}.Release|Any CPU.ActiveCfg = Release|Any CPU
		{3AF78291-6BB0-487A-9B81-450DEDBA6929}.Release|Any CPU.Build.0 = Release|Any CPU
	EndGlobalSection
	GlobalSection(SolutionProperties) = preSolution
		HideSolutionNode = FALSE
	EndGlobalSection
EndGlobal
